// !$*UTF8*$!
{
	archiveVersion = 1;
	classes = {
	};
	objectVersion = 46;
	objects = {

/* Begin PBXBuildFile section */
		C4F780921E04BBC9000E6C08 /* AppDelegate.swift in Sources */ = {isa = PBXBuildFile; fileRef = C4F780911E04BBC9000E6C08 /* AppDelegate.swift */; };
		C4F780941E04BBC9000E6C08 /* FirstVC.swift in Sources */ = {isa = PBXBuildFile; fileRef = C4F780931E04BBC9000E6C08 /* FirstVC.swift */; };
		C4F780971E04BBC9000E6C08 /* Main.storyboard in Resources */ = {isa = PBXBuildFile; fileRef = C4F780951E04BBC9000E6C08 /* Main.storyboard */; };
		C4F780991E04BBC9000E6C08 /* Assets.xcassets in Resources */ = {isa = PBXBuildFile; fileRef = C4F780981E04BBC9000E6C08 /* Assets.xcassets */; };
		C4F7809C1E04BBC9000E6C08 /* LaunchScreen.storyboard in Resources */ = {isa = PBXBuildFile; fileRef = C4F7809A1E04BBC9000E6C08 /* LaunchScreen.storyboard */; };
		C4F780A71E04BBC9000E6C08 /* NSNotification_TestTests.swift in Sources */ = {isa = PBXBuildFile; fileRef = C4F780A61E04BBC9000E6C08 /* NSNotification_TestTests.swift */; };
		C4F780B21E04BBC9000E6C08 /* NSNotification_TestUITests.swift in Sources */ = {isa = PBXBuildFile; fileRef = C4F780B11E04BBC9000E6C08 /* NSNotification_TestUITests.swift */; };
		C4F780C01E04BBED000E6C08 /* SecondVC.swift in Sources */ = {isa = PBXBuildFile; fileRef = C4F780BF1E04BBED000E6C08 /* SecondVC.swift */; };
/* End PBXBuildFile section */

/* Begin PBXContainerItemProxy section */
		C4F780A31E04BBC9000E6C08 /* PBXContainerItemProxy */ = {
			isa = PBXContainerItemProxy;
			containerPortal = C4F780861E04BBC9000E6C08 /* Project object */;
			proxyType = 1;
			remoteGlobalIDString = C4F7808D1E04BBC9000E6C08;
			remoteInfo = "NSNotification Test";
		};
		C4F780AE1E04BBC9000E6C08 /* PBXContainerItemProxy */ = {
			isa = PBXContainerItemProxy;
			containerPortal = C4F780861E04BBC9000E6C08 /* Project object */;
			proxyType = 1;
			remoteGlobalIDString = C4F7808D1E04BBC9000E6C08;
			remoteInfo = "NSNotification Test";
		};
/* End PBXContainerItemProxy section */

/* Begin PBXFileReference section */
		C4F7808E1E04BBC9000E6C08 /* NSNotification Test.app */ = {isa = PBXFileReference; explicitFileType = wrapper.application; includeInIndex = 0; path = "NSNotification Test.app"; sourceTree = BUILT_PRODUCTS_DIR; };
		C4F780911E04BBC9000E6C08 /* AppDelegate.swift */ = {isa = PBXFileReference; lastKnownFileType = sourcecode.swift; path = AppDelegate.swift; sourceTree = "<group>"; };
		C4F780931E04BBC9000E6C08 /* FirstVC.swift */ = {isa = PBXFileReference; lastKnownFileType = sourcecode.swift; path = FirstVC.swift; sourceTree = "<group>"; };
		C4F780961E04BBC9000E6C08 /* Base */ = {isa = PBXFileReference; lastKnownFileType = file.storyboard; name = Base; path = Base.lproj/Main.storyboard; sourceTree = "<group>"; };
		C4F780981E04BBC9000E6C08 /* Assets.xcassets */ = {isa = PBXFileReference; lastKnownFileType = folder.assetcatalog; path = Assets.xcassets; sourceTree = "<group>"; };
		C4F7809B1E04BBC9000E6C08 /* Base */ = {isa = PBXFileReference; lastKnownFileType = file.storyboard; name = Base; path = Base.lproj/LaunchScreen.storyboard; sourceTree = "<group>"; };
		C4F7809D1E04BBC9000E6C08 /* Info.plist */ = {isa = PBXFileReference; lastKnownFileType = text.plist.xml; path = Info.plist; sourceTree = "<group>"; };
		C4F780A21E04BBC9000E6C08 /* NSNotification TestTests.xctest */ = {isa = PBXFileReference; explicitFileType = wrapper.cfbundle; includeInIndex = 0; path = "NSNotification TestTests.xctest"; sourceTree = BUILT_PRODUCTS_DIR; };
		C4F780A61E04BBC9000E6C08 /* NSNotification_TestTests.swift */ = {isa = PBXFileReference; lastKnownFileType = sourcecode.swift; path = NSNotification_TestTests.swift; sourceTree = "<group>"; };
		C4F780A81E04BBC9000E6C08 /* Info.plist */ = {isa = PBXFileReference; lastKnownFileType = text.plist.xml; path = Info.plist; sourceTree = "<group>"; };
		C4F780AD1E04BBC9000E6C08 /* NSNotification TestUITests.xctest */ = {isa = PBXFileReference; explicitFileType = wrapper.cfbundle; includeInIndex = 0; path = "NSNotification TestUITests.xctest"; sourceTree = BUILT_PRODUCTS_DIR; };
		C4F780B11E04BBC9000E6C08 /* NSNotification_TestUITests.swift */ = {isa = PBXFileReference; lastKnownFileType = sourcecode.swift; path = NSNotification_TestUITests.swift; sourceTree = "<group>"; };
		C4F780B31E04BBC9000E6C08 /* Info.plist */ = {isa = PBXFileReference; lastKnownFileType = text.plist.xml; path = Info.plist; sourceTree = "<group>"; };
		C4F780BF1E04BBED000E6C08 /* SecondVC.swift */ = {isa = PBXFileReference; fileEncoding = 4; lastKnownFileType = sourcecode.swift; path = SecondVC.swift; sourceTree = "<group>"; };
/* End PBXFileReference section */

/* Begin PBXFrameworksBuildPhase section */
		C4F7808B1E04BBC9000E6C08 /* Frameworks */ = {
			isa = PBXFrameworksBuildPhase;
			buildActionMask = 2147483647;
			files = (
			);
			runOnlyForDeploymentPostprocessing = 0;
		};
		C4F7809F1E04BBC9000E6C08 /* Frameworks */ = {
			isa = PBXFrameworksBuildPhase;
			buildActionMask = 2147483647;
			files = (
			);
			runOnlyForDeploymentPostprocessing = 0;
		};
		C4F780AA1E04BBC9000E6C08 /* Frameworks */ = {
			isa = PBXFrameworksBuildPhase;
			buildActionMask = 2147483647;
			files = (
			);
			runOnlyForDeploymentPostprocessing = 0;
		};
/* End PBXFrameworksBuildPhase section */

/* Begin PBXGroup section */
		C4F780851E04BBC9000E6C08 = {
			isa = PBXGroup;
			children = (
				C4F780901E04BBC9000E6C08 /* NSNotification Test */,
				C4F780A51E04BBC9000E6C08 /* NSNotification TestTests */,
				C4F780B01E04BBC9000E6C08 /* NSNotification TestUITests */,
				C4F7808F1E04BBC9000E6C08 /* Products */,
			);
			sourceTree = "<group>";
		};
		C4F7808F1E04BBC9000E6C08 /* Products */ = {
			isa = PBXGroup;
			children = (
				C4F7808E1E04BBC9000E6C08 /* NSNotification Test.app */,
				C4F780A21E04BBC9000E6C08 /* NSNotification TestTests.xctest */,
				C4F780AD1E04BBC9000E6C08 /* NSNotification TestUITests.xctest */,
			);
			name = Products;
			sourceTree = "<group>";
		};
		C4F780901E04BBC9000E6C08 /* NSNotification Test */ = {
			isa = PBXGroup;
			children = (
				C4F780911E04BBC9000E6C08 /* AppDelegate.swift */,
				C4F780931E04BBC9000E6C08 /* FirstVC.swift */,
				C4F780BF1E04BBED000E6C08 /* SecondVC.swift */,
				C4F780951E04BBC9000E6C08 /* Main.storyboard */,
				C4F780981E04BBC9000E6C08 /* Assets.xcassets */,
				C4F7809A1E04BBC9000E6C08 /* LaunchScreen.storyboard */,
				C4F7809D1E04BBC9000E6C08 /* Info.plist */,
			);
			path = "NSNotification Test";
			sourceTree = "<group>";
		};
		C4F780A51E04BBC9000E6C08 /* NSNotification TestTests */ = {
			isa = PBXGroup;
			children = (
				C4F780A61E04BBC9000E6C08 /* NSNotification_TestTests.swift */,
				C4F780A81E04BBC9000E6C08 /* Info.plist */,
			);
			path = "NSNotification TestTests";
			sourceTree = "<group>";
		};
		C4F780B01E04BBC9000E6C08 /* NSNotification TestUITests */ = {
			isa = PBXGroup;
			children = (
				C4F780B11E04BBC9000E6C08 /* NSNotification_TestUITests.swift */,
				C4F780B31E04BBC9000E6C08 /* Info.plist */,
			);
			path = "NSNotification TestUITests";
			sourceTree = "<group>";
		};
/* End PBXGroup section */

/* Begin PBXNativeTarget section */
		C4F7808D1E04BBC9000E6C08 /* NSNotification Test */ = {
			isa = PBXNativeTarget;
			buildConfigurationList = C4F780B61E04BBC9000E6C08 /* Build configuration list for PBXNativeTarget "NSNotification Test" */;
			buildPhases = (
				C4F7808A1E04BBC9000E6C08 /* Sources */,
				C4F7808B1E04BBC9000E6C08 /* Frameworks */,
				C4F7808C1E04BBC9000E6C08 /* Resources */,
			);
			buildRules = (
			);
			dependencies = (
			);
			name = "NSNotification Test";
			productName = "NSNotification Test";
			productReference = C4F7808E1E04BBC9000E6C08 /* NSNotification Test.app */;
			productType = "com.apple.product-type.application";
		};
		C4F780A11E04BBC9000E6C08 /* NSNotification TestTests */ = {
			isa = PBXNativeTarget;
			buildConfigurationList = C4F780B91E04BBC9000E6C08 /* Build configuration list for PBXNativeTarget "NSNotification TestTests" */;
			buildPhases = (
				C4F7809E1E04BBC9000E6C08 /* Sources */,
				C4F7809F1E04BBC9000E6C08 /* Frameworks */,
				C4F780A01E04BBC9000E6C08 /* Resources */,
			);
			buildRules = (
			);
			dependencies = (
				C4F780A41E04BBC9000E6C08 /* PBXTargetDependency */,
			);
			name = "NSNotification TestTests";
			productName = "NSNotification TestTests";
			productReference = C4F780A21E04BBC9000E6C08 /* NSNotification TestTests.xctest */;
			productType = "com.apple.product-type.bundle.unit-test";
		};
		C4F780AC1E04BBC9000E6C08 /* NSNotification TestUITests */ = {
			isa = PBXNativeTarget;
			buildConfigurationList = C4F780BC1E04BBC9000E6C08 /* Build configuration list for PBXNativeTarget "NSNotification TestUITests" */;
			buildPhases = (
				C4F780A91E04BBC9000E6C08 /* Sources */,
				C4F780AA1E04BBC9000E6C08 /* Frameworks */,
				C4F780AB1E04BBC9000E6C08 /* Resources */,
			);
			buildRules = (
			);
			dependencies = (
				C4F780AF1E04BBC9000E6C08 /* PBXTargetDependency */,
			);
			name = "NSNotification TestUITests";
			productName = "NSNotification TestUITests";
			productReference = C4F780AD1E04BBC9000E6C08 /* NSNotification TestUITests.xctest */;
			productType = "com.apple.product-type.bundle.ui-testing";
		};
/* End PBXNativeTarget section */

/* Begin PBXProject section */
		C4F780861E04BBC9000E6C08 /* Project object */ = {
			isa = PBXProject;
			attributes = {
				LastSwiftUpdateCheck = 0810;
				LastUpgradeCheck = 0810;
				ORGANIZATIONNAME = BobtheDeveloper;
				TargetAttributes = {
					C4F7808D1E04BBC9000E6C08 = {
						CreatedOnToolsVersion = 8.1;
						DevelopmentTeam = ZGB48G575M;
						ProvisioningStyle = Automatic;
					};
					C4F780A11E04BBC9000E6C08 = {
						CreatedOnToolsVersion = 8.1;
						DevelopmentTeam = ZGB48G575M;
						ProvisioningStyle = Automatic;
						TestTargetID = C4F7808D1E04BBC9000E6C08;
					};
					C4F780AC1E04BBC9000E6C08 = {
						CreatedOnToolsVersion = 8.1;
						DevelopmentTeam = ZGB48G575M;
						ProvisioningStyle = Automatic;
						TestTargetID = C4F7808D1E04BBC9000E6C08;
					};
				};
			};
			buildConfigurationList = C4F780891E04BBC9000E6C08 /* Build configuration list for PBXProject "NSNotification Test" */;
			compatibilityVersion = "Xcode 3.2";
			developmentRegion = English;
			hasScannedForEncodings = 0;
			knownRegions = (
				en,
				Base,
			);
			mainGroup = C4F780851E04BBC9000E6C08;
			productRefGroup = C4F7808F1E04BBC9000E6C08 /* Products */;
			projectDirPath = "";
			projectRoot = "";
			targets = (
				C4F7808D1E04BBC9000E6C08 /* NSNotification Test */,
				C4F780A11E04BBC9000E6C08 /* NSNotification TestTests */,
				C4F780AC1E04BBC9000E6C08 /* NSNotification TestUITests */,
			);
		};
/* End PBXProject section */

/* Begin PBXResourcesBuildPhase section */
		C4F7808C1E04BBC9000E6C08 /* Resources */ = {
			isa = PBXResourcesBuildPhase;
			buildActionMask = 2147483647;
			files = (
				C4F7809C1E04BBC9000E6C08 /* LaunchScreen.storyboard in Resources */,
				C4F780991E04BBC9000E6C08 /* Assets.xcassets in Resources */,
				C4F780971E04BBC9000E6C08 /* Main.storyboard in Resources */,
			);
			runOnlyForDeploymentPostprocessing = 0;
		};
		C4F780A01E04BBC9000E6C08 /* Resources */ = {
			isa = PBXResourcesBuildPhase;
			buildActionMask = 2147483647;
			files = (
			);
			runOnlyForDeploymentPostprocessing = 0;
		};
		C4F780AB1E04BBC9000E6C08 /* Resources */ = {
			isa = PBXResourcesBuildPhase;
			buildActionMask = 2147483647;
			files = (
			);
			runOnlyForDeploymentPostprocessing = 0;
		};
/* End PBXResourcesBuildPhase section */

/* Begin PBXSourcesBuildPhase section */
		C4F7808A1E04BBC9000E6C08 /* Sources */ = {
			isa = PBXSourcesBuildPhase;
			buildActionMask = 2147483647;
			files = (
				C4F780941E04BBC9000E6C08 /* FirstVC.swift in Sources */,
				C4F780C01E04BBED000E6C08 /* SecondVC.swift in Sources */,
				C4F780921E04BBC9000E6C08 /* AppDelegate.swift in Sources */,
			);
			runOnlyForDeploymentPostprocessing = 0;
		};
		C4F7809E1E04BBC9000E6C08 /* Sources */ = {
			isa = PBXSourcesBuildPhase;
			buildActionMask = 2147483647;
			files = (
				C4F780A71E04BBC9000E6C08 /* NSNotification_TestTests.swift in Sources */,
			);
			runOnlyForDeploymentPostprocessing = 0;
		};
		C4F780A91E04BBC9000E6C08 /* Sources */ = {
			isa = PBXSourcesBuildPhase;
			buildActionMask = 2147483647;
			files = (
				C4F780B21E04BBC9000E6C08 /* NSNotification_TestUITests.swift in Sources */,
			);
			runOnlyForDeploymentPostprocessing = 0;
		};
/* End PBXSourcesBuildPhase section */

/* Begin PBXTargetDependency section */
		C4F780A41E04BBC9000E6C08 /* PBXTargetDependency */ = {
			isa = PBXTargetDependency;
			target = C4F7808D1E04BBC9000E6C08 /* NSNotification Test */;
			targetProxy = C4F780A31E04BBC9000E6C08 /* PBXContainerItemProxy */;
		};
		C4F780AF1E04BBC9000E6C08 /* PBXTargetDependency */ = {
			isa = PBXTargetDependency;
			target = C4F7808D1E04BBC9000E6C08 /* NSNotification Test */;
			targetProxy = C4F780AE1E04BBC9000E6C08 /* PBXContainerItemProxy */;
		};
/* End PBXTargetDependency section */

/* Begin PBXVariantGroup section */
		C4F780951E04BBC9000E6C08 /* Main.storyboard */ = {
			isa = PBXVariantGroup;
			children = (
				C4F780961E04BBC9000E6C08 /* Base */,
			);
			name = Main.storyboard;
			sourceTree = "<group>";
		};
		C4F7809A1E04BBC9000E6C08 /* LaunchScreen.storyboard */ = {
			isa = PBXVariantGroup;
			children = (
				C4F7809B1E04BBC9000E6C08 /* Base */,
			);
			name = LaunchScreen.storyboard;
			sourceTree = "<group>";
		};
/* End PBXVariantGroup section */

/* Begin XCBuildConfiguration section */
		C4F780B41E04BBC9000E6C08 /* Debug */ = {
			isa = XCBuildConfiguration;
			buildSettings = {
				ALWAYS_SEARCH_USER_PATHS = NO;
				CLANG_ANALYZER_NONNULL = YES;
				CLANG_CXX_LANGUAGE_STANDARD = "gnu++0x";
				CLANG_CXX_LIBRARY = "libc++";
				CLANG_ENABLE_MODULES = YES;
				CLANG_ENABLE_OBJC_ARC = YES;
				CLANG_WARN_BOOL_CONVERSION = YES;
				CLANG_WARN_CONSTANT_CONVERSION = YES;
				CLANG_WARN_DIRECT_OBJC_ISA_USAGE = YES_ERROR;
				CLANG_WARN_DOCUMENTATION_COMMENTS = YES;
				CLANG_WARN_EMPTY_BODY = YES;
				CLANG_WARN_ENUM_CONVERSION = YES;
				CLANG_WARN_INFINITE_RECURSION = YES;
				CLANG_WARN_INT_CONVERSION = YES;
				CLANG_WARN_OBJC_ROOT_CLASS = YES_ERROR;
				CLANG_WARN_SUSPICIOUS_MOVES = YES;
				CLANG_WARN_UNREACHABLE_CODE = YES;
				CLANG_WARN__DUPLICATE_METHOD_MATCH = YES;
				"CODE_SIGN_IDENTITY[sdk=iphoneos*]" = "iPhone Developer";
				COPY_PHASE_STRIP = NO;
				DEBUG_INFORMATION_FORMAT = dwarf;
				ENABLE_STRICT_OBJC_MSGSEND = YES;
				ENABLE_TESTABILITY = YES;
				GCC_C_LANGUAGE_STANDARD = gnu99;
				GCC_DYNAMIC_NO_PIC = NO;
				GCC_NO_COMMON_BLOCKS = YES;
				GCC_OPTIMIZATION_LEVEL = 0;
				GCC_PREPROCESSOR_DEFINITIONS = (
					"DEBUG=1",
					"$(inherited)",
				);
				GCC_WARN_64_TO_32_BIT_CONVERSION = YES;
				GCC_WARN_ABOUT_RETURN_TYPE = YES_ERROR;
				GCC_WARN_UNDECLARED_SELECTOR = YES;
				GCC_WARN_UNINITIALIZED_AUTOS = YES_AGGRESSIVE;
				GCC_WARN_UNUSED_FUNCTION = YES;
				GCC_WARN_UNUSED_VARIABLE = YES;
				IPHONEOS_DEPLOYMENT_TARGET = 10.1;
				MTL_ENABLE_DEBUG_INFO = YES;
				ONLY_ACTIVE_ARCH = YES;
				SDKROOT = iphoneos;
				SWIFT_ACTIVE_COMPILATION_CONDITIONS = DEBUG;
				SWIFT_OPTIMIZATION_LEVEL = "-Onone";
				TARGETED_DEVICE_FAMILY = "1,2";
			};
			name = Debug;
		};
		C4F780B51E04BBC9000E6C08 /* Release */ = {
			isa = XCBuildConfiguration;
			buildSettings = {
				ALWAYS_SEARCH_USER_PATHS = NO;
				CLANG_ANALYZER_NONNULL = YES;
				CLANG_CXX_LANGUAGE_STANDARD = "gnu++0x";
				CLANG_CXX_LIBRARY = "libc++";
				CLANG_ENABLE_MODULES = YES;
				CLANG_ENABLE_OBJC_ARC = YES;
				CLANG_WARN_BOOL_CONVERSION = YES;
				CLANG_WARN_CONSTANT_CONVERSION = YES;
				CLANG_WARN_DIRECT_OBJC_ISA_USAGE = YES_ERROR;
				CLANG_WARN_DOCUMENTATION_COMMENTS = YES;
				CLANG_WARN_EMPTY_BODY = YES;
				CLANG_WARN_ENUM_CONVERSION = YES;
				CLANG_WARN_INFINITE_RECURSION = YES;
				CLANG_WARN_INT_CONVERSION = YES;
				CLANG_WARN_OBJC_ROOT_CLASS = YES_ERROR;
				CLANG_WARN_SUSPICIOUS_MOVES = YES;
				CLANG_WARN_UNREACHABLE_CODE = YES;
				CLANG_WARN__DUPLICATE_METHOD_MATCH = YES;
				"CODE_SIGN_IDENTITY[sdk=iphoneos*]" = "iPhone Developer";
				COPY_PHASE_STRIP = NO;
				DEBUG_INFORMATION_FORMAT = "dwarf-with-dsym";
				ENABLE_NS_ASSERTIONS = NO;
				ENABLE_STRICT_OBJC_MSGSEND = YES;
				GCC_C_LANGUAGE_STANDARD = gnu99;
				GCC_NO_COMMON_BLOCKS = YES;
				GCC_WARN_64_TO_32_BIT_CONVERSION = YES;
				GCC_WARN_ABOUT_RETURN_TYPE = YES_ERROR;
				GCC_WARN_UNDECLARED_SELECTOR = YES;
				GCC_WARN_UNINITIALIZED_AUTOS = YES_AGGRESSIVE;
				GCC_WARN_UNUSED_FUNCTION = YES;
				GCC_WARN_UNUSED_VARIABLE = YES;
				IPHONEOS_DEPLOYMENT_TARGET = 10.1;
				MTL_ENABLE_DEBUG_INFO = NO;
				SDKROOT = iphoneos;
				SWIFT_OPTIMIZATION_LEVEL = "-Owholemodule";
				TARGETED_DEVICE_FAMILY = "1,2";
				VALIDATE_PRODUCT = YES;
			};
			name = Release;
		};
		C4F780B71E04BBC9000E6C08 /* Debug */ = {
			isa = XCBuildConfiguration;
			buildSettings = {
				ASSETCATALOG_COMPILER_APPICON_NAME = AppIcon;
				DEVELOPMENT_TEAM = ZGB48G575M;
				INFOPLIST_FILE = "NSNotification Test/Info.plist";
				LD_RUNPATH_SEARCH_PATHS = "$(inherited) @executable_path/Frameworks";
				PRODUCT_BUNDLE_IDENTIFIER = "BobtheDeveloper.NSNotification-Test";
				PRODUCT_NAME = "$(TARGET_NAME)";
				SWIFT_VERSION = 3.0;
			};
			name = Debug;
		};
		C4F780B81E04BBC9000E6C08 /* Release */ = {
			isa = XCBuildConfiguration;
			buildSettings = {
				ASSETCATALOG_COMPILER_APPICON_NAME = AppIcon;
				DEVELOPMENT_TEAM = ZGB48G575M;
				INFOPLIST_FILE = "NSNotification Test/Info.plist";
				LD_RUNPATH_SEARCH_PATHS = "$(inherited) @executable_path/Frameworks";
				PRODUCT_BUNDLE_IDENTIFIER = "BobtheDeveloper.NSNotification-Test";
				PRODUCT_NAME = "$(TARGET_NAME)";
				SWIFT_VERSION = 3.0;
			};
			name = Release;
		};
		C4F780BA1E04BBC9000E6C08 /* Debug */ = {
			isa = XCBuildConfiguration;
			buildSettings = {
				ALWAYS_EMBED_SWIFT_STANDARD_LIBRARIES = YES;
				BUNDLE_LOADER = "$(TEST_HOST)";
				DEVELOPMENT_TEAM = ZGB48G575M;
				INFOPLIST_FILE = "NSNotification TestTests/Info.plist";
				LD_RUNPATH_SEARCH_PATHS = "$(inherited) @executable_path/Frameworks @loader_path/Frameworks";
				PRODUCT_BUNDLE_IDENTIFIER = "BobtheDeveloper.NSNotification-TestTests";
				PRODUCT_NAME = "$(TARGET_NAME)";
				SWIFT_VERSION = 3.0;
				TEST_HOST = "$(BUILT_PRODUCTS_DIR)/NSNotification Test.app/NSNotification Test";
			};
			name = Debug;
		};
		C4F780BB1E04BBC9000E6C08 /* Release */ = {
			isa = XCBuildConfiguration;
			buildSettings = {
				ALWAYS_EMBED_SWIFT_STANDARD_LIBRARIES = YES;
				BUNDLE_LOADER = "$(TEST_HOST)";
				DEVELOPMENT_TEAM = ZGB48G575M;
				INFOPLIST_FILE = "NSNotification TestTests/Info.plist";
				LD_RUNPATH_SEARCH_PATHS = "$(inherited) @executable_path/Frameworks @loader_path/Frameworks";
				PRODUCT_BUNDLE_IDENTIFIER = "BobtheDeveloper.NSNotification-TestTests";
				PRODUCT_NAME = "$(TARGET_NAME)";
				SWIFT_VERSION = 3.0;
				TEST_HOST = "$(BUILT_PRODUCTS_DIR)/NSNotification Test.app/NSNotification Test";
			};
			name = Release;
		};
		C4F780BD1E04BBC9000E6C08 /* Debug */ = {
			isa = XCBuildConfiguration;
			buildSettings = {
				ALWAYS_EMBED_SWIFT_STANDARD_LIBRARIES = YES;
				DEVELOPMENT_TEAM = ZGB48G575M;
				INFOPLIST_FILE = "NSNotification TestUITests/Info.plist";
				LD_RUNPATH_SEARCH_PATHS = "$(inherited) @executable_path/Frameworks @loader_path/Frameworks";
				PRODUCT_BUNDLE_IDENTIFIER = "BobtheDeveloper.NSNotification-TestUITests";
				PRODUCT_NAME = "$(TARGET_NAME)";
				SWIFT_VERSION = 3.0;
				TEST_TARGET_NAME = "NSNotification Test";
			};
			name = Debug;
		};
		C4F780BE1E04BBC9000E6C08 /* Release */ = {
			isa = XCBuildConfiguration;
			buildSettings = {
				ALWAYS_EMBED_SWIFT_STANDARD_LIBRARIES = YES;
				DEVELOPMENT_TEAM = ZGB48G575M;
				INFOPLIST_FILE = "NSNotification TestUITests/Info.plist";
				LD_RUNPATH_SEARCH_PATHS = "$(inherited) @executable_path/Frameworks @loader_path/Frameworks";
				PRODUCT_BUNDLE_IDENTIFIER = "BobtheDeveloper.NSNotification-TestUITests";
				PRODUCT_NAME = "$(TARGET_NAME)";
				SWIFT_VERSION = 3.0;
				TEST_TARGET_NAME = "NSNotification Test";
			};
			name = Release;
		};
/* End XCBuildConfiguration section */

/* Begin XCConfigurationList section */
		C4F780891E04BBC9000E6C08 /* Build configuration list for PBXProject "NSNotification Test" */ = {
			isa = XCConfigurationList;
			buildConfigurations = (
				C4F780B41E04BBC9000E6C08 /* Debug */,
				C4F780B51E04BBC9000E6C08 /* Release */,
			);
			defaultConfigurationIsVisible = 0;
			defaultConfigurationName = Release;
		};
		C4F780B61E04BBC9000E6C08 /* Build configuration list for PBXNativeTarget "NSNotification Test" */ = {
			isa = XCConfigurationList;
			buildConfigurations = (
				C4F780B71E04BBC9000E6C08 /* Debug */,
				C4F780B81E04BBC9000E6C08 /* Release */,
			);
			defaultConfigurationIsVisible = 0;
			defaultConfigurationName = Release;
		};
		C4F780B91E04BBC9000E6C08 /* Build configuration list for PBXNativeTarget "NSNotification TestTests" */ = {
			isa = XCConfigurationList;
			buildConfigurations = (
				C4F780BA1E04BBC9000E6C08 /* Debug */,
				C4F780BB1E04BBC9000E6C08 /* Release */,
			);
			defaultConfigurationIsVisible = 0;
			defaultConfigurationName = Release;
		};
		C4F780BC1E04BBC9000E6C08 /* Build configuration list for PBXNativeTarget "NSNotification TestUITests" */ = {
			isa = XCConfigurationList;
			buildConfigurations = (
				C4F780BD1E04BBC9000E6C08 /* Debug */,
				C4F780BE1E04BBC9000E6C08 /* Release */,
			);
			defaultConfigurationIsVisible = 0;
			defaultConfigurationName = Release;
		};
/* End XCConfigurationList section */
	};
	rootObject = C4F780861E04BBC9000E6C08 /* Project object */;
}
